
Microsoft Visual Studio Solution File, Format Version 12.00
# Visual Studio Version 17
VisualStudioVersion = 17.2.32616.157
MinimumVisualStudioVersion = 10.0.40219.1
Project("{9A19103F-16F7-4668-BE54-9A1E7A4F7556}") = "dajet-metadata-core", "dajet-metadata-core\dajet-metadata-core.csproj", "{12108439-65CD-471E-87F3-FFF0E09DD56F}"
EndProject
Project("{9A19103F-16F7-4668-BE54-9A1E7A4F7556}") = "dajet-metadata-test", "dajet-metadata-test\dajet-metadata-test.csproj", "{5A2FEA04-F002-4772-8BE9-C39D81F19938}"
EndProject
Project("{9A19103F-16F7-4668-BE54-9A1E7A4F7556}") = "dajet-metadata-benchmark", "dajet-metadata-benchmark\dajet-metadata-benchmark.csproj", "{FB31B4DA-928B-4F98-B87F-6A8B7667920C}"
EndProject
Project("{9A19103F-16F7-4668-BE54-9A1E7A4F7556}") = "dajet-data", "dajet-data\dajet-data.csproj", "{81D1D995-2564-42EF-916C-CE7CE61F01AF}"
EndProject
Project("{9A19103F-16F7-4668-BE54-9A1E7A4F7556}") = "dajet-data-mapping", "dajet-data-mapping\dajet-data-mapping.csproj", "{4C1344C6-7EA9-4E98-83B0-14DABC650406}"
EndProject
Project("{FAE04EC0-301F-11D3-BF4B-00C04F79EFBC}") = "dajet-mapping-test", "dajet-mapping-test\dajet-mapping-test.csproj", "{AFD971F6-A93B-4D66-9BE0-F293390E1BE1}"
EndProject
Global
	GlobalSection(SolutionConfigurationPlatforms) = preSolution
		Debug|Any CPU = Debug|Any CPU
		Release|Any CPU = Release|Any CPU
	EndGlobalSection
	GlobalSection(ProjectConfigurationPlatforms) = postSolution
		{12108439-65CD-471E-87F3-FFF0E09DD56F}.Debug|Any CPU.ActiveCfg = Debug|Any CPU
		{12108439-65CD-471E-87F3-FFF0E09DD56F}.Debug|Any CPU.Build.0 = Debug|Any CPU
		{12108439-65CD-471E-87F3-FFF0E09DD56F}.Release|Any CPU.ActiveCfg = Release|Any CPU
		{12108439-65CD-471E-87F3-FFF0E09DD56F}.Release|Any CPU.Build.0 = Release|Any CPU
		{5A2FEA04-F002-4772-8BE9-C39D81F19938}.Debug|Any CPU.ActiveCfg = Debug|Any CPU
		{5A2FEA04-F002-4772-8BE9-C39D81F19938}.Debug|Any CPU.Build.0 = Debug|Any CPU
		{5A2FEA04-F002-4772-8BE9-C39D81F19938}.Release|Any CPU.ActiveCfg = Release|Any CPU
		{5A2FEA04-F002-4772-8BE9-C39D81F19938}.Release|Any CPU.Build.0 = Release|Any CPU
		{FB31B4DA-928B-4F98-B87F-6A8B7667920C}.Debug|Any CPU.ActiveCfg = Debug|Any CPU
		{FB31B4DA-928B-4F98-B87F-6A8B7667920C}.Debug|Any CPU.Build.0 = Debug|Any CPU
		{FB31B4DA-928B-4F98-B87F-6A8B7667920C}.Release|Any CPU.ActiveCfg = Release|Any CPU
		{FB31B4DA-928B-4F98-B87F-6A8B7667920C}.Release|Any CPU.Build.0 = Release|Any CPU
		{81D1D995-2564-42EF-916C-CE7CE61F01AF}.Debug|Any CPU.ActiveCfg = Debug|Any CPU
		{81D1D995-2564-42EF-916C-CE7CE61F01AF}.Debug|Any CPU.Build.0 = Debug|Any CPU
		{81D1D995-2564-42EF-916C-CE7CE61F01AF}.Release|Any CPU.ActiveCfg = Release|Any CPU
		{81D1D995-2564-42EF-916C-CE7CE61F01AF}.Release|Any CPU.Build.0 = Release|Any CPU
		{4C1344C6-7EA9-4E98-83B0-14DABC650406}.Debug|Any CPU.ActiveCfg = Debug|Any CPU
		{4C1344C6-7EA9-4E98-83B0-14DABC650406}.Debug|Any CPU.Build.0 = Debug|Any CPU
		{4C1344C6-7EA9-4E98-83B0-14DABC650406}.Release|Any CPU.ActiveCfg = Release|Any CPU
		{4C1344C6-7EA9-4E98-83B0-14DABC650406}.Release|Any CPU.Build.0 = Release|Any CPU
		{AFD971F6-A93B-4D66-9BE0-F293390E1BE1}.Debug|Any CPU.ActiveCfg = Debug|Any CPU
		{AFD971F6-A93B-4D66-9BE0-F293390E1BE1}.Debug|Any CPU.Build.0 = Debug|Any CPU
		{AFD971F6-A93B-4D66-9BE0-F293390E1BE1}.Release|Any CPU.ActiveCfg = Release|Any CPU
		{AFD971F6-A93B-4D66-9BE0-F293390E1BE1}.Release|Any CPU.Build.0 = Release|Any CPU
	EndGlobalSection
	GlobalSection(SolutionProperties) = preSolution
		HideSolutionNode = FALSE
	EndGlobalSection
	GlobalSection(ExtensibilityGlobals) = postSolution
		SolutionGuid = {0DECD45E-541F-4A4D-8B61-FED925E1B368}
	EndGlobalSection
EndGlobal
